// !$*UTF8*$!
{
	archiveVersion = 1;
	classes = {
	};
	objectVersion = 51;
	objects = {

/* Begin PBXBuildFile section */
		18B3560BAD643F651A9BB5B0 /* Pods_devil.framework in Frameworks */ = {isa = PBXBuildFile; fileRef = 43051B676D2F70F94399592E /* Pods_devil.framework */; };
		6DDAC531260CDEDE00E76300 /* ViewController.swift in Sources */ = {isa = PBXBuildFile; fileRef = 6DDAC528260CDEDE00E76300 /* ViewController.swift */; };
		6DDAC532260CDEDE00E76300 /* Assets.xcassets in Resources */ = {isa = PBXBuildFile; fileRef = 6DDAC529260CDEDE00E76300 /* Assets.xcassets */; };
		6DDAC533260CDEDE00E76300 /* LaunchScreen.storyboard in Resources */ = {isa = PBXBuildFile; fileRef = 6DDAC52A260CDEDE00E76300 /* LaunchScreen.storyboard */; };
		6DDAC535260CDEDE00E76300 /* AppDelegate.swift in Sources */ = {isa = PBXBuildFile; fileRef = 6DDAC52E260CDEDE00E76300 /* AppDelegate.swift */; };
		6DDAC5B4260CEDA500E76300 /* devilcore.framework in Frameworks */ = {isa = PBXBuildFile; fileRef = 6DDAC5B3260CEDA500E76300 /* devilcore.framework */; };
		6DDAC5CD260CEE4500E76300 /* devillogin.framework in Frameworks */ = {isa = PBXBuildFile; fileRef = 6DDAC5CC260CEE4500E76300 /* devillogin.framework */; };
/* End PBXBuildFile section */

/* Begin PBXFileReference section */
		43051B676D2F70F94399592E /* Pods_devil.framework */ = {isa = PBXFileReference; explicitFileType = wrapper.framework; includeInIndex = 0; path = Pods_devil.framework; sourceTree = BUILT_PRODUCTS_DIR; };
		6DDAC50D260CDEA800E76300 /* devil.app */ = {isa = PBXFileReference; explicitFileType = wrapper.application; includeInIndex = 0; path = devil.app; sourceTree = BUILT_PRODUCTS_DIR; };
		6DDAC528260CDEDE00E76300 /* ViewController.swift */ = {isa = PBXFileReference; fileEncoding = 4; lastKnownFileType = sourcecode.swift; path = ViewController.swift; sourceTree = "<group>"; };
		6DDAC529260CDEDE00E76300 /* Assets.xcassets */ = {isa = PBXFileReference; lastKnownFileType = folder.assetcatalog; path = Assets.xcassets; sourceTree = "<group>"; };
		6DDAC52B260CDEDE00E76300 /* Base */ = {isa = PBXFileReference; lastKnownFileType = file.storyboard; name = Base; path = Base.lproj/LaunchScreen.storyboard; sourceTree = "<group>"; };
		6DDAC52E260CDEDE00E76300 /* AppDelegate.swift */ = {isa = PBXFileReference; fileEncoding = 4; lastKnownFileType = sourcecode.swift; path = AppDelegate.swift; sourceTree = "<group>"; };
		6DDAC52F260CDEDE00E76300 /* Info.plist */ = {isa = PBXFileReference; fileEncoding = 4; lastKnownFileType = text.plist.xml; path = Info.plist; sourceTree = "<group>"; };
		6DDAC5B3260CEDA500E76300 /* devilcore.framework */ = {isa = PBXFileReference; explicitFileType = wrapper.framework; path = devilcore.framework; sourceTree = BUILT_PRODUCTS_DIR; };
		6DDAC5CC260CEE4500E76300 /* devillogin.framework */ = {isa = PBXFileReference; explicitFileType = wrapper.framework; path = devillogin.framework; sourceTree = BUILT_PRODUCTS_DIR; };
		840DAB053E8B93E99E490FC2 /* Pods-devil.debug.xcconfig */ = {isa = PBXFileReference; includeInIndex = 1; lastKnownFileType = text.xcconfig; name = "Pods-devil.debug.xcconfig"; path = "Target Support Files/Pods-devil/Pods-devil.debug.xcconfig"; sourceTree = "<group>"; };
		BE0949E6104DB98359559A0D /* Pods-devil.release.xcconfig */ = {isa = PBXFileReference; includeInIndex = 1; lastKnownFileType = text.xcconfig; name = "Pods-devil.release.xcconfig"; path = "Target Support Files/Pods-devil/Pods-devil.release.xcconfig"; sourceTree = "<group>"; };
/* End PBXFileReference section */

/* Begin PBXFrameworksBuildPhase section */
		6DDAC50A260CDEA800E76300 /* Frameworks */ = {
			isa = PBXFrameworksBuildPhase;
			buildActionMask = 2147483647;
			files = (
				6DDAC5CD260CEE4500E76300 /* devillogin.framework in Frameworks */,
				6DDAC5B4260CEDA500E76300 /* devilcore.framework in Frameworks */,
				18B3560BAD643F651A9BB5B0 /* Pods_devil.framework in Frameworks */,
			);
			runOnlyForDeploymentPostprocessing = 0;
		};
/* End PBXFrameworksBuildPhase section */

/* Begin PBXGroup section */
		6BED67A3CBB23C9CBB8B466C /* Pods */ = {
			isa = PBXGroup;
			children = (
				840DAB053E8B93E99E490FC2 /* Pods-devil.debug.xcconfig */,
				BE0949E6104DB98359559A0D /* Pods-devil.release.xcconfig */,
			);
			path = Pods;
			sourceTree = "<group>";
		};
		6DDAC504260CDEA800E76300 = {
			isa = PBXGroup;
			children = (
				6DDAC527260CDEDE00E76300 /* devil */,
				6DDAC50E260CDEA800E76300 /* Products */,
				6BED67A3CBB23C9CBB8B466C /* Pods */,
				F6DA83CA58F5D6DD4B7922B3 /* Frameworks */,
			);
			sourceTree = "<group>";
		};
		6DDAC50E260CDEA800E76300 /* Products */ = {
			isa = PBXGroup;
			children = (
				6DDAC50D260CDEA800E76300 /* devil.app */,
			);
			name = Products;
			sourceTree = "<group>";
		};
		6DDAC527260CDEDE00E76300 /* devil */ = {
			isa = PBXGroup;
			children = (
				6DDAC528260CDEDE00E76300 /* ViewController.swift */,
				6DDAC529260CDEDE00E76300 /* Assets.xcassets */,
				6DDAC52A260CDEDE00E76300 /* LaunchScreen.storyboard */,
				6DDAC52E260CDEDE00E76300 /* AppDelegate.swift */,
				6DDAC52F260CDEDE00E76300 /* Info.plist */,
			);
			path = devil;
			sourceTree = "<group>";
		};
		F6DA83CA58F5D6DD4B7922B3 /* Frameworks */ = {
			isa = PBXGroup;
			children = (
				6DDAC5CC260CEE4500E76300 /* devillogin.framework */,
				6DDAC5B3260CEDA500E76300 /* devilcore.framework */,
				43051B676D2F70F94399592E /* Pods_devil.framework */,
			);
			name = Frameworks;
			sourceTree = "<group>";
		};
/* End PBXGroup section */

/* Begin PBXNativeTarget section */
		6DDAC50C260CDEA800E76300 /* devil */ = {
			isa = PBXNativeTarget;
			buildConfigurationList = 6DDAC521260CDEA900E76300 /* Build configuration list for PBXNativeTarget "devil" */;
			buildPhases = (
				1265FB34F7078F8515D1CF72 /* [CP] Check Pods Manifest.lock */,
				6DDAC509260CDEA800E76300 /* Sources */,
				6DDAC50A260CDEA800E76300 /* Frameworks */,
				6DDAC50B260CDEA800E76300 /* Resources */,
				291AE5C8EA2C2C6B29857411 /* [CP] Embed Pods Frameworks */,
				E48D1CC3A1F8795F9E10D301 /* [CP] Copy Pods Resources */,
			);
			buildRules = (
			);
			dependencies = (
			);
			name = devil;
			productName = CloudJsonViewer;
			productReference = 6DDAC50D260CDEA800E76300 /* devil.app */;
			productType = "com.apple.product-type.application";
		};
/* End PBXNativeTarget section */

/* Begin PBXProject section */
		6DDAC505260CDEA800E76300 /* Project object */ = {
			isa = PBXProject;
			attributes = {
				LastSwiftUpdateCheck = 1230;
				LastUpgradeCheck = 1230;
				TargetAttributes = {
					6DDAC50C260CDEA800E76300 = {
						CreatedOnToolsVersion = 12.3;
					};
				};
			};
			buildConfigurationList = 6DDAC508260CDEA800E76300 /* Build configuration list for PBXProject "devil" */;
			compatibilityVersion = "Xcode 9.3";
			developmentRegion = en;
			hasScannedForEncodings = 0;
			knownRegions = (
				en,
				Base,
			);
			mainGroup = 6DDAC504260CDEA800E76300;
			productRefGroup = 6DDAC50E260CDEA800E76300 /* Products */;
			projectDirPath = "";
			projectRoot = "";
			targets = (
				6DDAC50C260CDEA800E76300 /* devil */,
			);
		};
/* End PBXProject section */

/* Begin PBXResourcesBuildPhase section */
		6DDAC50B260CDEA800E76300 /* Resources */ = {
			isa = PBXResourcesBuildPhase;
			buildActionMask = 2147483647;
			files = (
				6DDAC532260CDEDE00E76300 /* Assets.xcassets in Resources */,
				6DDAC533260CDEDE00E76300 /* LaunchScreen.storyboard in Resources */,
			);
			runOnlyForDeploymentPostprocessing = 0;
		};
/* End PBXResourcesBuildPhase section */

/* Begin PBXShellScriptBuildPhase section */
		1265FB34F7078F8515D1CF72 /* [CP] Check Pods Manifest.lock */ = {
			isa = PBXShellScriptBuildPhase;
			buildActionMask = 2147483647;
			files = (
			);
			inputFileListPaths = (
			);
			inputPaths = (
				"${PODS_PODFILE_DIR_PATH}/Podfile.lock",
				"${PODS_ROOT}/Manifest.lock",
			);
			name = "[CP] Check Pods Manifest.lock";
			outputFileListPaths = (
			);
			outputPaths = (
				"$(DERIVED_FILE_DIR)/Pods-devil-checkManifestLockResult.txt",
			);
			runOnlyForDeploymentPostprocessing = 0;
			shellPath = /bin/sh;
			shellScript = "diff \"${PODS_PODFILE_DIR_PATH}/Podfile.lock\" \"${PODS_ROOT}/Manifest.lock\" > /dev/null\nif [ $? != 0 ] ; then\n    # print error to STDERR\n    echo \"error: The sandbox is not in sync with the Podfile.lock. Run 'pod install' or update your CocoaPods installation.\" >&2\n    exit 1\nfi\n# This output is used by Xcode 'outputs' to avoid re-running this script phase.\necho \"SUCCESS\" > \"${SCRIPT_OUTPUT_FILE_0}\"\n";
			showEnvVarsInLog = 0;
		};
		291AE5C8EA2C2C6B29857411 /* [CP] Embed Pods Frameworks */ = {
			isa = PBXShellScriptBuildPhase;
			buildActionMask = 2147483647;
			files = (
			);
			inputFileListPaths = (
				"${PODS_ROOT}/Target Support Files/Pods-devil/Pods-devil-frameworks-${CONFIGURATION}-input-files.xcfilelist",
			);
			name = "[CP] Embed Pods Frameworks";
			outputFileListPaths = (
				"${PODS_ROOT}/Target Support Files/Pods-devil/Pods-devil-frameworks-${CONFIGURATION}-output-files.xcfilelist",
			);
			runOnlyForDeploymentPostprocessing = 0;
			shellPath = /bin/sh;
			shellScript = "\"${PODS_ROOT}/Target Support Files/Pods-devil/Pods-devil-frameworks.sh\"\n";
			showEnvVarsInLog = 0;
		};
		E48D1CC3A1F8795F9E10D301 /* [CP] Copy Pods Resources */ = {
			isa = PBXShellScriptBuildPhase;
			buildActionMask = 2147483647;
			files = (
			);
			inputFileListPaths = (
				"${PODS_ROOT}/Target Support Files/Pods-devil/Pods-devil-resources-${CONFIGURATION}-input-files.xcfilelist",
			);
			name = "[CP] Copy Pods Resources";
			outputFileListPaths = (
				"${PODS_ROOT}/Target Support Files/Pods-devil/Pods-devil-resources-${CONFIGURATION}-output-files.xcfilelist",
			);
			runOnlyForDeploymentPostprocessing = 0;
			shellPath = /bin/sh;
			shellScript = "\"${PODS_ROOT}/Target Support Files/Pods-devil/Pods-devil-resources.sh\"\n";
			showEnvVarsInLog = 0;
		};
/* End PBXShellScriptBuildPhase section */

/* Begin PBXSourcesBuildPhase section */
		6DDAC509260CDEA800E76300 /* Sources */ = {
			isa = PBXSourcesBuildPhase;
			buildActionMask = 2147483647;
			files = (
				6DDAC535260CDEDE00E76300 /* AppDelegate.swift in Sources */,
				6DDAC531260CDEDE00E76300 /* ViewController.swift in Sources */,
			);
			runOnlyForDeploymentPostprocessing = 0;
		};
/* End PBXSourcesBuildPhase section */

/* Begin PBXVariantGroup section */
		6DDAC52A260CDEDE00E76300 /* LaunchScreen.storyboard */ = {
			isa = PBXVariantGroup;
			children = (
				6DDAC52B260CDEDE00E76300 /* Base */,
			);
			name = LaunchScreen.storyboard;
			sourceTree = "<group>";
		};
/* End PBXVariantGroup section */

/* Begin XCBuildConfiguration section */
		6DDAC51F260CDEA900E76300 /* Debug */ = {
			isa = XCBuildConfiguration;
			buildSettings = {
				ALWAYS_SEARCH_USER_PATHS = NO;
				CLANG_ANALYZER_NONNULL = YES;
				CLANG_ANALYZER_NUMBER_OBJECT_CONVERSION = YES_AGGRESSIVE;
				CLANG_CXX_LANGUAGE_STANDARD = "gnu++14";
				CLANG_CXX_LIBRARY = "libc++";
				CLANG_ENABLE_MODULES = YES;
				CLANG_ENABLE_OBJC_ARC = YES;
				CLANG_ENABLE_OBJC_WEAK = YES;
				CLANG_WARN_BLOCK_CAPTURE_AUTORELEASING = YES;
				CLANG_WARN_BOOL_CONVERSION = YES;
				CLANG_WARN_COMMA = YES;
				CLANG_WARN_CONSTANT_CONVERSION = YES;
				CLANG_WARN_DEPRECATED_OBJC_IMPLEMENTATIONS = YES;
				CLANG_WARN_DIRECT_OBJC_ISA_USAGE = YES_ERROR;
				CLANG_WARN_DOCUMENTATION_COMMENTS = YES;
				CLANG_WARN_EMPTY_BODY = YES;
				CLANG_WARN_ENUM_CONVERSION = YES;
				CLANG_WARN_INFINITE_RECURSION = YES;
				CLANG_WARN_INT_CONVERSION = YES;
				CLANG_WARN_NON_LITERAL_NULL_CONVERSION = YES;
				CLANG_WARN_OBJC_IMPLICIT_RETAIN_SELF = YES;
				CLANG_WARN_OBJC_LITERAL_CONVERSION = YES;
				CLANG_WARN_OBJC_ROOT_CLASS = YES_ERROR;
				CLANG_WARN_QUOTED_INCLUDE_IN_FRAMEWORK_HEADER = YES;
				CLANG_WARN_RANGE_LOOP_ANALYSIS = YES;
				CLANG_WARN_STRICT_PROTOTYPES = YES;
				CLANG_WARN_SUSPICIOUS_MOVE = YES;
				CLANG_WARN_UNGUARDED_AVAILABILITY = YES_AGGRESSIVE;
				CLANG_WARN_UNREACHABLE_CODE = YES;
				CLANG_WARN__DUPLICATE_METHOD_MATCH = YES;
				COPY_PHASE_STRIP = NO;
				DEBUG_INFORMATION_FORMAT = dwarf;
				ENABLE_STRICT_OBJC_MSGSEND = YES;
				ENABLE_TESTABILITY = YES;
				GCC_C_LANGUAGE_STANDARD = gnu11;
				GCC_DYNAMIC_NO_PIC = NO;
				GCC_NO_COMMON_BLOCKS = YES;
				GCC_OPTIMIZATION_LEVEL = 0;
				GCC_PREPROCESSOR_DEFINITIONS = (
					"DEBUG=1",
					"$(inherited)",
				);
				GCC_WARN_64_TO_32_BIT_CONVERSION = YES;
				GCC_WARN_ABOUT_RETURN_TYPE = YES_ERROR;
				GCC_WARN_UNDECLARED_SELECTOR = YES;
				GCC_WARN_UNINITIALIZED_AUTOS = YES_AGGRESSIVE;
				GCC_WARN_UNUSED_FUNCTION = YES;
				GCC_WARN_UNUSED_VARIABLE = YES;
				IPHONEOS_DEPLOYMENT_TARGET = 14.3;
				MTL_ENABLE_DEBUG_INFO = INCLUDE_SOURCE;
				MTL_FAST_MATH = YES;
				ONLY_ACTIVE_ARCH = YES;
				SDKROOT = iphoneos;
				SWIFT_ACTIVE_COMPILATION_CONDITIONS = DEBUG;
				SWIFT_OPTIMIZATION_LEVEL = "-Onone";
			};
			name = Debug;
		};
		6DDAC520260CDEA900E76300 /* Release */ = {
			isa = XCBuildConfiguration;
			buildSettings = {
				ALWAYS_SEARCH_USER_PATHS = NO;
				CLANG_ANALYZER_NONNULL = YES;
				CLANG_ANALYZER_NUMBER_OBJECT_CONVERSION = YES_AGGRESSIVE;
				CLANG_CXX_LANGUAGE_STANDARD = "gnu++14";
				CLANG_CXX_LIBRARY = "libc++";
				CLANG_ENABLE_MODULES = YES;
				CLANG_ENABLE_OBJC_ARC = YES;
				CLANG_ENABLE_OBJC_WEAK = YES;
				CLANG_WARN_BLOCK_CAPTURE_AUTORELEASING = YES;
				CLANG_WARN_BOOL_CONVERSION = YES;
				CLANG_WARN_COMMA = YES;
				CLANG_WARN_CONSTANT_CONVERSION = YES;
				CLANG_WARN_DEPRECATED_OBJC_IMPLEMENTATIONS = YES;
				CLANG_WARN_DIRECT_OBJC_ISA_USAGE = YES_ERROR;
				CLANG_WARN_DOCUMENTATION_COMMENTS = YES;
				CLANG_WARN_EMPTY_BODY = YES;
				CLANG_WARN_ENUM_CONVERSION = YES;
				CLANG_WARN_INFINITE_RECURSION = YES;
				CLANG_WARN_INT_CONVERSION = YES;
				CLANG_WARN_NON_LITERAL_NULL_CONVERSION = YES;
				CLANG_WARN_OBJC_IMPLICIT_RETAIN_SELF = YES;
				CLANG_WARN_OBJC_LITERAL_CONVERSION = YES;
				CLANG_WARN_OBJC_ROOT_CLASS = YES_ERROR;
				CLANG_WARN_QUOTED_INCLUDE_IN_FRAMEWORK_HEADER = YES;
				CLANG_WARN_RANGE_LOOP_ANALYSIS = YES;
				CLANG_WARN_STRICT_PROTOTYPES = YES;
				CLANG_WARN_SUSPICIOUS_MOVE = YES;
				CLANG_WARN_UNGUARDED_AVAILABILITY = YES_AGGRESSIVE;
				CLANG_WARN_UNREACHABLE_CODE = YES;
				CLANG_WARN__DUPLICATE_METHOD_MATCH = YES;
				COPY_PHASE_STRIP = NO;
				DEBUG_INFORMATION_FORMAT = "dwarf-with-dsym";
				ENABLE_NS_ASSERTIONS = NO;
				ENABLE_STRICT_OBJC_MSGSEND = YES;
				GCC_C_LANGUAGE_STANDARD = gnu11;
				GCC_NO_COMMON_BLOCKS = YES;
				GCC_WARN_64_TO_32_BIT_CONVERSION = YES;
				GCC_WARN_ABOUT_RETURN_TYPE = YES_ERROR;
				GCC_WARN_UNDECLARED_SELECTOR = YES;
				GCC_WARN_UNINITIALIZED_AUTOS = YES_AGGRESSIVE;
				GCC_WARN_UNUSED_FUNCTION = YES;
				GCC_WARN_UNUSED_VARIABLE = YES;
				IPHONEOS_DEPLOYMENT_TARGET = 14.3;
				MTL_ENABLE_DEBUG_INFO = NO;
				MTL_FAST_MATH = YES;
				SDKROOT = iphoneos;
				SWIFT_COMPILATION_MODE = wholemodule;
				SWIFT_OPTIMIZATION_LEVEL = "-O";
				VALIDATE_PRODUCT = YES;
			};
			name = Release;
		};
		6DDAC522260CDEA900E76300 /* Debug */ = {
			isa = XCBuildConfiguration;
			baseConfigurationReference = 840DAB053E8B93E99E490FC2 /* Pods-devil.debug.xcconfig */;
			buildSettings = {
				ASSETCATALOG_COMPILER_APPICON_NAME = AppIcon;
				ASSETCATALOG_COMPILER_GLOBAL_ACCENT_COLOR_NAME = AccentColor;
				CODE_SIGN_STYLE = Automatic;
				DEVELOPMENT_TEAM = 324CYH3K7Y;
				INFOPLIST_FILE = "$(SRCROOT)/devil/Info.plist";
				IPHONEOS_DEPLOYMENT_TARGET = 11.2;
				LD_RUNPATH_SEARCH_PATHS = (
					"$(inherited)",
					"@executable_path/Frameworks",
				);
				PRODUCT_BUNDLE_IDENTIFIER = kr.co.devil.CloudJsonViewer;
				PRODUCT_NAME = "$(TARGET_NAME)";
				SWIFT_VERSION = 5.0;
				TARGETED_DEVICE_FAMILY = 1;
			};
			name = Debug;
		};
		6DDAC523260CDEA900E76300 /* Release */ = {
			isa = XCBuildConfiguration;
			baseConfigurationReference = BE0949E6104DB98359559A0D /* Pods-devil.release.xcconfig */;
			buildSettings = {
				ASSETCATALOG_COMPILER_APPICON_NAME = AppIcon;
				ASSETCATALOG_COMPILER_GLOBAL_ACCENT_COLOR_NAME = AccentColor;
				CODE_SIGN_STYLE = Automatic;
				DEVELOPMENT_TEAM = 324CYH3K7Y;
				INFOPLIST_FILE = "$(SRCROOT)/devil/Info.plist";
				IPHONEOS_DEPLOYMENT_TARGET = 11.2;
				LD_RUNPATH_SEARCH_PATHS = (
					"$(inherited)",
					"@executable_path/Frameworks",
				);
				PRODUCT_BUNDLE_IDENTIFIER = kr.co.devil.CloudJsonViewer;
				PRODUCT_NAME = "$(TARGET_NAME)";
				SWIFT_VERSION = 5.0;
				TARGETED_DEVICE_FAMILY = 1;
			};
			name = Release;
		};
/* End XCBuildConfiguration section */

/* Begin XCConfigurationList section */
		6DDAC508260CDEA800E76300 /* Build configuration list for PBXProject "devil" */ = {
			isa = XCConfigurationList;
			buildConfigurations = (
				6DDAC51F260CDEA900E76300 /* Debug */,
				6DDAC520260CDEA900E76300 /* Release */,
			);
			defaultConfigurationIsVisible = 0;
			defaultConfigurationName = Release;
		};
		6DDAC521260CDEA900E76300 /* Build configuration list for PBXNativeTarget "devil" */ = {
			isa = XCConfigurationList;
			buildConfigurations = (
				6DDAC522260CDEA900E76300 /* Debug */,
				6DDAC523260CDEA900E76300 /* Release */,
			);
			defaultConfigurationIsVisible = 0;
			defaultConfigurationName = Release;
		};
/* End XCConfigurationList section */
	};
	rootObject = 6DDAC505260CDEA800E76300 /* Project object */;
}
